dependencies:
- name: newrelic-infrastructure
  repository: https://newrelic.github.io/nri-kubernetes
  version: 3.8.0
- name: nri-prometheus
  repository: https://newrelic.github.io/nri-prometheus
  version: 2.1.9
- name: nri-metadata-injection
  repository: https://newrelic.github.io/k8s-metadata-injection
  version: 3.0.6
- name: newrelic-k8s-metrics-adapter
  repository: https://newrelic.github.io/newrelic-k8s-metrics-adapter
  version: 0.7.12
- name: kube-state-metrics
  repository: https://kubernetes.github.io/kube-state-metrics
  version: 2.13.3
- name: nri-kube-events
  repository: https://newrelic.github.io/nri-kube-events
  version: 2.2.5
- name: newrelic-logging
  repository: https://newrelic.github.io/helm-charts
  version: 1.11.5
- name: newrelic-pixie
  repository: https://newrelic.github.io/helm-charts
  version: 2.0.1
- name: pixie-operator-chart
  repository: https://pixie-operator-charts.storage.googleapis.com
  version: 0.0.30
- name: newrelic-infra-operator
  repository: https://newrelic.github.io/newrelic-infra-operator
  version: 1.0.5
digest: sha256:25f2a6f7fe2223e865d69fe149b3f13fbd34058dfe7e356b6f19762b2c1109c9
generated: "2023-03-22T00:03:58.788914989Z"
