dependencies:
- name: newrelic-infrastructure-v3
  repository: file://../newrelic-infrastructure-v3
  version: 3.0.10
- name: nri-prometheus
  repository: file://../nri-prometheus
  version: 1.13.1
- name: nri-metadata-injection
  repository: file://../nri-metadata-injection
  version: 2.2.0
- name: newrelic-k8s-metrics-adapter
  repository: file://../newrelic-k8s-metrics-adapter
  version: 0.2.0
- name: kube-state-metrics
  repository: https://kubernetes.github.io/kube-state-metrics
  version: 2.13.2
- name: nri-kube-events
  repository: file://../nri-kube-events
  version: 1.12.1
- name: newrelic-logging
  repository: file://../newrelic-logging
  version: 1.10.8
- name: newrelic-pixie
  repository: file://../newrelic-pixie
  version: 1.4.3
- name: pixie-operator-helm2-chart
  repository: https://pixie-operator-charts.storage.googleapis.com
  version: 0.0.16
- name: newrelic-infra-operator
  repository: file://../newrelic-infra-operator
  version: 0.4.0
digest: sha256:f46b36ad735756cf61d9a368a30ed48909aa6d5d6a6bcf57df3b1b49fc9d6062
generated: "2022-01-25T15:19:15.26676+01:00"
