dependencies:
- name: newrelic-infrastructure-v3
  repository: file://../newrelic-infrastructure-v3
  version: 3.1.0
- name: nri-prometheus
  repository: file://../nri-prometheus
  version: 1.13.2
- name: nri-metadata-injection
  repository: file://../nri-metadata-injection
  version: 2.2.0
- name: newrelic-k8s-metrics-adapter
  repository: file://../newrelic-k8s-metrics-adapter
  version: 0.3.1
- name: kube-state-metrics
  repository: https://kubernetes.github.io/kube-state-metrics
  version: 2.13.2
- name: nri-kube-events
  repository: file://../nri-kube-events
  version: 1.13.0
- name: newrelic-logging
  repository: file://../newrelic-logging
  version: 1.10.9
- name: newrelic-pixie
  repository: file://../newrelic-pixie
  version: 1.5.0
- name: pixie-operator-chart
  repository: https://pixie-operator-charts.storage.googleapis.com
  version: 0.0.21
- name: newrelic-infra-operator
  repository: file://../newrelic-infra-operator
  version: 0.5.0
digest: sha256:ea995c02f0135613074b1fd381c3081d6bc67c0fd352f636abb8132f8537c502
generated: "2022-03-30T16:44:08.111295+02:00"
